PODS:
  - Alamofire (4.5.0)
  - MarkdownView (1.0.3)
  - MBProgressHUD (1.0.0)
  - SwiftyJSON (3.1.4)

DEPENDENCIES:
  - Alamofire
  - MarkdownView
  - MBProgressHUD
  - SwiftyJSON

SPEC CHECKSUMS:
  Alamofire: f28cdffd29de33a7bfa022cbd63ae95a27fae140
  MarkdownView: 95619a575e13cffa334528696e405142048dd951
  MBProgressHUD: 4890f671c94e8a0f3cf959aa731e9de2f036d71a
  SwiftyJSON: c2842d878f95482ffceec5709abc3d05680c0220

PODFILE CHECKSUM: 0318a8db66d74b2a5d5542e71951766790565a08

COCOAPODS: 1.2.0
