// !$*UTF8*$!
{
	archiveVersion = 1;
	classes = {
	};
	objectVersion = 48;
	objects = {

/* Begin PBXBuildFile section */
		18820A2F1FE984B100C01B20 /* AppDelegate.swift in Sources */ = {isa = PBXBuildFile; fileRef = 18820A2E1FE984B100C01B20 /* AppDelegate.swift */; };
		18820A311FE984B100C01B20 /* TrendingViewController.swift in Sources */ = {isa = PBXBuildFile; fileRef = 18820A301FE984B100C01B20 /* TrendingViewController.swift */; };
		18820A341FE984B100C01B20 /* Main.storyboard in Resources */ = {isa = PBXBuildFile; fileRef = 18820A321FE984B100C01B20 /* Main.storyboard */; };
		18820A361FE984B100C01B20 /* Assets.xcassets in Resources */ = {isa = PBXBuildFile; fileRef = 18820A351FE984B100C01B20 /* Assets.xcassets */; };
		18820A391FE984B100C01B20 /* LaunchScreen.storyboard in Resources */ = {isa = PBXBuildFile; fileRef = 18820A371FE984B100C01B20 /* LaunchScreen.storyboard */; };
		18BBAD131FE9B32F004BCDE0 /* Repository.swift in Sources */ = {isa = PBXBuildFile; fileRef = 18BBAD111FE9B32F004BCDE0 /* Repository.swift */; };
		18BBAD141FE9B32F004BCDE0 /* Owner.swift in Sources */ = {isa = PBXBuildFile; fileRef = 18BBAD121FE9B32F004BCDE0 /* Owner.swift */; };
		18BBAD171FE9B839004BCDE0 /* AppServerClient.swift in Sources */ = {isa = PBXBuildFile; fileRef = 18BBAD161FE9B839004BCDE0 /* AppServerClient.swift */; };
		18BBAD1F1FEAC6B8004BCDE0 /* RepoCell.swift in Sources */ = {isa = PBXBuildFile; fileRef = 18BBAD1E1FEAC6B8004BCDE0 /* RepoCell.swift */; };
		18BBAD221FEAC8C3004BCDE0 /* RepoCellViewModel.swift in Sources */ = {isa = PBXBuildFile; fileRef = 18BBAD211FEAC8C3004BCDE0 /* RepoCellViewModel.swift */; };
		18BBAD241FEACEFA004BCDE0 /* ReposTableViewViewModel.swift in Sources */ = {isa = PBXBuildFile; fileRef = 18BBAD231FEACEFA004BCDE0 /* ReposTableViewViewModel.swift */; };
		18BBAD271FEAD03C004BCDE0 /* Bindable.swift in Sources */ = {isa = PBXBuildFile; fileRef = 18BBAD261FEAD03C004BCDE0 /* Bindable.swift */; };
		3A31C181523D06DFA36A05D4 /* Pods_test_iOS.framework in Frameworks */ = {isa = PBXBuildFile; fileRef = A4E4A7D3754A1E1185B7A506 /* Pods_test_iOS.framework */; };
/* End PBXBuildFile section */

/* Begin PBXFileReference section */
		18820A2B1FE984B100C01B20 /* test_iOS.app */ = {isa = PBXFileReference; explicitFileType = wrapper.application; includeInIndex = 0; path = test_iOS.app; sourceTree = BUILT_PRODUCTS_DIR; };
		18820A2E1FE984B100C01B20 /* AppDelegate.swift */ = {isa = PBXFileReference; lastKnownFileType = sourcecode.swift; path = AppDelegate.swift; sourceTree = "<group>"; };
		18820A301FE984B100C01B20 /* TrendingViewController.swift */ = {isa = PBXFileReference; lastKnownFileType = sourcecode.swift; path = TrendingViewController.swift; sourceTree = "<group>"; };
		18820A331FE984B100C01B20 /* Base */ = {isa = PBXFileReference; lastKnownFileType = file.storyboard; name = Base; path = Base.lproj/Main.storyboard; sourceTree = "<group>"; };
		18820A351FE984B100C01B20 /* Assets.xcassets */ = {isa = PBXFileReference; lastKnownFileType = folder.assetcatalog; path = Assets.xcassets; sourceTree = "<group>"; };
		18820A381FE984B100C01B20 /* Base */ = {isa = PBXFileReference; lastKnownFileType = file.storyboard; name = Base; path = Base.lproj/LaunchScreen.storyboard; sourceTree = "<group>"; };
		18820A3A1FE984B100C01B20 /* Info.plist */ = {isa = PBXFileReference; lastKnownFileType = text.plist.xml; path = Info.plist; sourceTree = "<group>"; };
		18BBAD111FE9B32F004BCDE0 /* Repository.swift */ = {isa = PBXFileReference; fileEncoding = 4; lastKnownFileType = sourcecode.swift; path = Repository.swift; sourceTree = "<group>"; };
		18BBAD121FE9B32F004BCDE0 /* Owner.swift */ = {isa = PBXFileReference; fileEncoding = 4; lastKnownFileType = sourcecode.swift; path = Owner.swift; sourceTree = "<group>"; };
		18BBAD161FE9B839004BCDE0 /* AppServerClient.swift */ = {isa = PBXFileReference; lastKnownFileType = sourcecode.swift; path = AppServerClient.swift; sourceTree = "<group>"; };
		18BBAD1E1FEAC6B8004BCDE0 /* RepoCell.swift */ = {isa = PBXFileReference; lastKnownFileType = sourcecode.swift; path = RepoCell.swift; sourceTree = "<group>"; };
		18BBAD211FEAC8C3004BCDE0 /* RepoCellViewModel.swift */ = {isa = PBXFileReference; lastKnownFileType = sourcecode.swift; path = RepoCellViewModel.swift; sourceTree = "<group>"; };
		18BBAD231FEACEFA004BCDE0 /* ReposTableViewViewModel.swift */ = {isa = PBXFileReference; lastKnownFileType = sourcecode.swift; path = ReposTableViewViewModel.swift; sourceTree = "<group>"; };
		18BBAD261FEAD03C004BCDE0 /* Bindable.swift */ = {isa = PBXFileReference; lastKnownFileType = sourcecode.swift; path = Bindable.swift; sourceTree = "<group>"; };
		69D925F5969115AEF04BD654 /* Pods-test_iOS.debug.xcconfig */ = {isa = PBXFileReference; includeInIndex = 1; lastKnownFileType = text.xcconfig; name = "Pods-test_iOS.debug.xcconfig"; path = "Pods/Target Support Files/Pods-test_iOS/Pods-test_iOS.debug.xcconfig"; sourceTree = "<group>"; };
		8139FD9D4F6A60FB27132D50 /* Pods-test_iOS.release.xcconfig */ = {isa = PBXFileReference; includeInIndex = 1; lastKnownFileType = text.xcconfig; name = "Pods-test_iOS.release.xcconfig"; path = "Pods/Target Support Files/Pods-test_iOS/Pods-test_iOS.release.xcconfig"; sourceTree = "<group>"; };
		A4E4A7D3754A1E1185B7A506 /* Pods_test_iOS.framework */ = {isa = PBXFileReference; explicitFileType = wrapper.framework; includeInIndex = 0; path = Pods_test_iOS.framework; sourceTree = BUILT_PRODUCTS_DIR; };
/* End PBXFileReference section */

/* Begin PBXFrameworksBuildPhase section */
		18820A281FE984B100C01B20 /* Frameworks */ = {
			isa = PBXFrameworksBuildPhase;
			buildActionMask = 2147483647;
			files = (
				3A31C181523D06DFA36A05D4 /* Pods_test_iOS.framework in Frameworks */,
			);
			runOnlyForDeploymentPostprocessing = 0;
		};
/* End PBXFrameworksBuildPhase section */

/* Begin PBXGroup section */
		18820A221FE984B100C01B20 = {
			isa = PBXGroup;
			children = (
				18820A2D1FE984B100C01B20 /* test_iOS */,
				18820A2C1FE984B100C01B20 /* Products */,
				C75BFA63DDC52BC2728E213A /* Pods */,
				9846BBEF54CE48F3679AC469 /* Frameworks */,
			);
			sourceTree = "<group>";
		};
		18820A2C1FE984B100C01B20 /* Products */ = {
			isa = PBXGroup;
			children = (
				18820A2B1FE984B100C01B20 /* test_iOS.app */,
			);
			name = Products;
			sourceTree = "<group>";
		};
		18820A2D1FE984B100C01B20 /* test_iOS */ = {
			isa = PBXGroup;
			children = (
				18BBAD251FEAD00D004BCDE0 /* Helpers */,
				18BBAD201FEAC783004BCDE0 /* ViewModels */,
				18BBAD1D1FEAC68B004BCDE0 /* Views */,
				18BBAD151FE9B7C5004BCDE0 /* Service */,
				18BBAD101FE9B32F004BCDE0 /* Models */,
				18820A2E1FE984B100C01B20 /* AppDelegate.swift */,
				18820A301FE984B100C01B20 /* TrendingViewController.swift */,
				18820A321FE984B100C01B20 /* Main.storyboard */,
				18820A351FE984B100C01B20 /* Assets.xcassets */,
				18820A371FE984B100C01B20 /* LaunchScreen.storyboard */,
				18820A3A1FE984B100C01B20 /* Info.plist */,
			);
			path = test_iOS;
			sourceTree = "<group>";
		};
		18BBAD101FE9B32F004BCDE0 /* Models */ = {
			isa = PBXGroup;
			children = (
				18BBAD111FE9B32F004BCDE0 /* Repository.swift */,
				18BBAD121FE9B32F004BCDE0 /* Owner.swift */,
			);
			path = Models;
			sourceTree = "<group>";
		};
		18BBAD151FE9B7C5004BCDE0 /* Service */ = {
			isa = PBXGroup;
			children = (
				18BBAD161FE9B839004BCDE0 /* AppServerClient.swift */,
			);
			path = Service;
			sourceTree = "<group>";
		};
		18BBAD1D1FEAC68B004BCDE0 /* Views */ = {
			isa = PBXGroup;
			children = (
				18BBAD1E1FEAC6B8004BCDE0 /* RepoCell.swift */,
			);
			path = Views;
			sourceTree = "<group>";
		};
		18BBAD201FEAC783004BCDE0 /* ViewModels */ = {
			isa = PBXGroup;
			children = (
				18BBAD211FEAC8C3004BCDE0 /* RepoCellViewModel.swift */,
				18BBAD231FEACEFA004BCDE0 /* ReposTableViewViewModel.swift */,
			);
			path = ViewModels;
			sourceTree = "<group>";
		};
		18BBAD251FEAD00D004BCDE0 /* Helpers */ = {
			isa = PBXGroup;
			children = (
				18BBAD261FEAD03C004BCDE0 /* Bindable.swift */,
			);
			path = Helpers;
			sourceTree = "<group>";
		};
		9846BBEF54CE48F3679AC469 /* Frameworks */ = {
			isa = PBXGroup;
			children = (
				A4E4A7D3754A1E1185B7A506 /* Pods_test_iOS.framework */,
			);
			name = Frameworks;
			sourceTree = "<group>";
		};
		C75BFA63DDC52BC2728E213A /* Pods */ = {
			isa = PBXGroup;
			children = (
				69D925F5969115AEF04BD654 /* Pods-test_iOS.debug.xcconfig */,
				8139FD9D4F6A60FB27132D50 /* Pods-test_iOS.release.xcconfig */,
			);
			name = Pods;
			sourceTree = "<group>";
		};
/* End PBXGroup section */

/* Begin PBXNativeTarget section */
		18820A2A1FE984B100C01B20 /* test_iOS */ = {
			isa = PBXNativeTarget;
			buildConfigurationList = 18820A3D1FE984B100C01B20 /* Build configuration list for PBXNativeTarget "test_iOS" */;
			buildPhases = (
				458563C1FCDC6F92A9BF8B55 /* [CP] Check Pods Manifest.lock */,
				18820A271FE984B100C01B20 /* Sources */,
				18820A281FE984B100C01B20 /* Frameworks */,
				18820A291FE984B100C01B20 /* Resources */,
				003BB505683BF06A6152A92D /* [CP] Embed Pods Frameworks */,
				B4CC6E5BBC4CA1DD7AF634FF /* [CP] Copy Pods Resources */,
			);
			buildRules = (
			);
			dependencies = (
			);
			name = test_iOS;
			productName = test_iOS;
			productReference = 18820A2B1FE984B100C01B20 /* test_iOS.app */;
			productType = "com.apple.product-type.application";
		};
/* End PBXNativeTarget section */

/* Begin PBXProject section */
		18820A231FE984B100C01B20 /* Project object */ = {
			isa = PBXProject;
			attributes = {
				LastSwiftUpdateCheck = 0920;
				LastUpgradeCheck = 0920;
				ORGANIZATIONNAME = "Guillermo Apoj";
				TargetAttributes = {
					18820A2A1FE984B100C01B20 = {
						CreatedOnToolsVersion = 9.2;
						ProvisioningStyle = Automatic;
					};
				};
			};
			buildConfigurationList = 18820A261FE984B100C01B20 /* Build configuration list for PBXProject "test_iOS" */;
			compatibilityVersion = "Xcode 8.0";
			developmentRegion = en;
			hasScannedForEncodings = 0;
			knownRegions = (
				en,
				Base,
			);
			mainGroup = 18820A221FE984B100C01B20;
			productRefGroup = 18820A2C1FE984B100C01B20 /* Products */;
			projectDirPath = "";
			projectRoot = "";
			targets = (
				18820A2A1FE984B100C01B20 /* test_iOS */,
			);
		};
/* End PBXProject section */

/* Begin PBXResourcesBuildPhase section */
		18820A291FE984B100C01B20 /* Resources */ = {
			isa = PBXResourcesBuildPhase;
			buildActionMask = 2147483647;
			files = (
				18820A391FE984B100C01B20 /* LaunchScreen.storyboard in Resources */,
				18820A361FE984B100C01B20 /* Assets.xcassets in Resources */,
				18820A341FE984B100C01B20 /* Main.storyboard in Resources */,
			);
			runOnlyForDeploymentPostprocessing = 0;
		};
/* End PBXResourcesBuildPhase section */

/* Begin PBXShellScriptBuildPhase section */
		003BB505683BF06A6152A92D /* [CP] Embed Pods Frameworks */ = {
			isa = PBXShellScriptBuildPhase;
			buildActionMask = 2147483647;
			files = (
			);
			inputPaths = (
			);
			name = "[CP] Embed Pods Frameworks";
			outputPaths = (
			);
			runOnlyForDeploymentPostprocessing = 0;
			shellPath = /bin/sh;
			shellScript = "\"${SRCROOT}/Pods/Target Support Files/Pods-test_iOS/Pods-test_iOS-frameworks.sh\"\n";
			showEnvVarsInLog = 0;
		};
		458563C1FCDC6F92A9BF8B55 /* [CP] Check Pods Manifest.lock */ = {
			isa = PBXShellScriptBuildPhase;
			buildActionMask = 2147483647;
			files = (
			);
			inputPaths = (
			);
			name = "[CP] Check Pods Manifest.lock";
			outputPaths = (
			);
			runOnlyForDeploymentPostprocessing = 0;
			shellPath = /bin/sh;
			shellScript = "diff \"${PODS_ROOT}/../Podfile.lock\" \"${PODS_ROOT}/Manifest.lock\" > /dev/null\nif [ $? != 0 ] ; then\n    # print error to STDERR\n    echo \"error: The sandbox is not in sync with the Podfile.lock. Run 'pod install' or update your CocoaPods installation.\" >&2\n    exit 1\nfi\n";
			showEnvVarsInLog = 0;
		};
		B4CC6E5BBC4CA1DD7AF634FF /* [CP] Copy Pods Resources */ = {
			isa = PBXShellScriptBuildPhase;
			buildActionMask = 2147483647;
			files = (
			);
			inputPaths = (
			);
			name = "[CP] Copy Pods Resources";
			outputPaths = (
			);
			runOnlyForDeploymentPostprocessing = 0;
			shellPath = /bin/sh;
			shellScript = "\"${SRCROOT}/Pods/Target Support Files/Pods-test_iOS/Pods-test_iOS-resources.sh\"\n";
			showEnvVarsInLog = 0;
		};
/* End PBXShellScriptBuildPhase section */

/* Begin PBXSourcesBuildPhase section */
		18820A271FE984B100C01B20 /* Sources */ = {
			isa = PBXSourcesBuildPhase;
			buildActionMask = 2147483647;
			files = (
				18BBAD241FEACEFA004BCDE0 /* ReposTableViewViewModel.swift in Sources */,
				18BBAD141FE9B32F004BCDE0 /* Owner.swift in Sources */,
				18BBAD171FE9B839004BCDE0 /* AppServerClient.swift in Sources */,
				18820A311FE984B100C01B20 /* TrendingViewController.swift in Sources */,
				18BBAD221FEAC8C3004BCDE0 /* RepoCellViewModel.swift in Sources */,
				18820A2F1FE984B100C01B20 /* AppDelegate.swift in Sources */,
				18BBAD131FE9B32F004BCDE0 /* Repository.swift in Sources */,
				18BBAD1F1FEAC6B8004BCDE0 /* RepoCell.swift in Sources */,
				18BBAD271FEAD03C004BCDE0 /* Bindable.swift in Sources */,
			);
			runOnlyForDeploymentPostprocessing = 0;
		};
/* End PBXSourcesBuildPhase section */

/* Begin PBXVariantGroup section */
		18820A321FE984B100C01B20 /* Main.storyboard */ = {
			isa = PBXVariantGroup;
			children = (
				18820A331FE984B100C01B20 /* Base */,
			);
			name = Main.storyboard;
			sourceTree = "<group>";
		};
		18820A371FE984B100C01B20 /* LaunchScreen.storyboard */ = {
			isa = PBXVariantGroup;
			children = (
				18820A381FE984B100C01B20 /* Base */,
			);
			name = LaunchScreen.storyboard;
			sourceTree = "<group>";
		};
/* End PBXVariantGroup section */

/* Begin XCBuildConfiguration section */
		18820A3B1FE984B100C01B20 /* Debug */ = {
			isa = XCBuildConfiguration;
			buildSettings = {
				ALWAYS_SEARCH_USER_PATHS = NO;
				CLANG_ANALYZER_NONNULL = YES;
				CLANG_ANALYZER_NUMBER_OBJECT_CONVERSION = YES_AGGRESSIVE;
				CLANG_CXX_LANGUAGE_STANDARD = "gnu++14";
				CLANG_CXX_LIBRARY = "libc++";
				CLANG_ENABLE_MODULES = YES;
				CLANG_ENABLE_OBJC_ARC = YES;
				CLANG_WARN_BLOCK_CAPTURE_AUTORELEASING = YES;
				CLANG_WARN_BOOL_CONVERSION = YES;
				CLANG_WARN_COMMA = YES;
				CLANG_WARN_CONSTANT_CONVERSION = YES;
				CLANG_WARN_DIRECT_OBJC_ISA_USAGE = YES_ERROR;
				CLANG_WARN_DOCUMENTATION_COMMENTS = YES;
				CLANG_WARN_EMPTY_BODY = YES;
				CLANG_WARN_ENUM_CONVERSION = YES;
				CLANG_WARN_INFINITE_RECURSION = YES;
				CLANG_WARN_INT_CONVERSION = YES;
				CLANG_WARN_NON_LITERAL_NULL_CONVERSION = YES;
				CLANG_WARN_OBJC_LITERAL_CONVERSION = YES;
				CLANG_WARN_OBJC_ROOT_CLASS = YES_ERROR;
				CLANG_WARN_RANGE_LOOP_ANALYSIS = YES;
				CLANG_WARN_STRICT_PROTOTYPES = YES;
				CLANG_WARN_SUSPICIOUS_MOVE = YES;
				CLANG_WARN_UNGUARDED_AVAILABILITY = YES_AGGRESSIVE;
				CLANG_WARN_UNREACHABLE_CODE = YES;
				CLANG_WARN__DUPLICATE_METHOD_MATCH = YES;
				CODE_SIGN_IDENTITY = "iPhone Developer";
				COPY_PHASE_STRIP = NO;
				DEBUG_INFORMATION_FORMAT = dwarf;
				ENABLE_STRICT_OBJC_MSGSEND = YES;
				ENABLE_TESTABILITY = YES;
				GCC_C_LANGUAGE_STANDARD = gnu11;
				GCC_DYNAMIC_NO_PIC = NO;
				GCC_NO_COMMON_BLOCKS = YES;
				GCC_OPTIMIZATION_LEVEL = 0;
				GCC_PREPROCESSOR_DEFINITIONS = (
					"DEBUG=1",
					"$(inherited)",
				);
				GCC_WARN_64_TO_32_BIT_CONVERSION = YES;
				GCC_WARN_ABOUT_RETURN_TYPE = YES_ERROR;
				GCC_WARN_UNDECLARED_SELECTOR = YES;
				GCC_WARN_UNINITIALIZED_AUTOS = YES_AGGRESSIVE;
				GCC_WARN_UNUSED_FUNCTION = YES;
				GCC_WARN_UNUSED_VARIABLE = YES;
				IPHONEOS_DEPLOYMENT_TARGET = 11.2;
				MTL_ENABLE_DEBUG_INFO = YES;
				ONLY_ACTIVE_ARCH = YES;
				SDKROOT = iphoneos;
				SWIFT_ACTIVE_COMPILATION_CONDITIONS = DEBUG;
				SWIFT_OPTIMIZATION_LEVEL = "-Onone";
				SWIFT_VERSION = 4.0;
			};
			name = Debug;
		};
		18820A3C1FE984B100C01B20 /* Release */ = {
			isa = XCBuildConfiguration;
			buildSettings = {
				ALWAYS_SEARCH_USER_PATHS = NO;
				CLANG_ANALYZER_NONNULL = YES;
				CLANG_ANALYZER_NUMBER_OBJECT_CONVERSION = YES_AGGRESSIVE;
				CLANG_CXX_LANGUAGE_STANDARD = "gnu++14";
				CLANG_CXX_LIBRARY = "libc++";
				CLANG_ENABLE_MODULES = YES;
				CLANG_ENABLE_OBJC_ARC = YES;
				CLANG_WARN_BLOCK_CAPTURE_AUTORELEASING = YES;
				CLANG_WARN_BOOL_CONVERSION = YES;
				CLANG_WARN_COMMA = YES;
				CLANG_WARN_CONSTANT_CONVERSION = YES;
				CLANG_WARN_DIRECT_OBJC_ISA_USAGE = YES_ERROR;
				CLANG_WARN_DOCUMENTATION_COMMENTS = YES;
				CLANG_WARN_EMPTY_BODY = YES;
				CLANG_WARN_ENUM_CONVERSION = YES;
				CLANG_WARN_INFINITE_RECURSION = YES;
				CLANG_WARN_INT_CONVERSION = YES;
				CLANG_WARN_NON_LITERAL_NULL_CONVERSION = YES;
				CLANG_WARN_OBJC_LITERAL_CONVERSION = YES;
				CLANG_WARN_OBJC_ROOT_CLASS = YES_ERROR;
				CLANG_WARN_RANGE_LOOP_ANALYSIS = YES;
				CLANG_WARN_STRICT_PROTOTYPES = YES;
				CLANG_WARN_SUSPICIOUS_MOVE = YES;
				CLANG_WARN_UNGUARDED_AVAILABILITY = YES_AGGRESSIVE;
				CLANG_WARN_UNREACHABLE_CODE = YES;
				CLANG_WARN__DUPLICATE_METHOD_MATCH = YES;
				CODE_SIGN_IDENTITY = "iPhone Developer";
				COPY_PHASE_STRIP = NO;
				DEBUG_INFORMATION_FORMAT = "dwarf-with-dsym";
				ENABLE_NS_ASSERTIONS = NO;
				ENABLE_STRICT_OBJC_MSGSEND = YES;
				GCC_C_LANGUAGE_STANDARD = gnu11;
				GCC_NO_COMMON_BLOCKS = YES;
				GCC_WARN_64_TO_32_BIT_CONVERSION = YES;
				GCC_WARN_ABOUT_RETURN_TYPE = YES_ERROR;
				GCC_WARN_UNDECLARED_SELECTOR = YES;
				GCC_WARN_UNINITIALIZED_AUTOS = YES_AGGRESSIVE;
				GCC_WARN_UNUSED_FUNCTION = YES;
				GCC_WARN_UNUSED_VARIABLE = YES;
				IPHONEOS_DEPLOYMENT_TARGET = 11.2;
				MTL_ENABLE_DEBUG_INFO = NO;
				SDKROOT = iphoneos;
				SWIFT_OPTIMIZATION_LEVEL = "-Owholemodule";
				SWIFT_VERSION = 4.0;
				VALIDATE_PRODUCT = YES;
			};
			name = Release;
		};
		18820A3E1FE984B100C01B20 /* Debug */ = {
			isa = XCBuildConfiguration;
			baseConfigurationReference = 69D925F5969115AEF04BD654 /* Pods-test_iOS.debug.xcconfig */;
			buildSettings = {
				ASSETCATALOG_COMPILER_APPICON_NAME = AppIcon;
				CODE_SIGN_STYLE = Automatic;
				DEVELOPMENT_TEAM = KC2W64MW22;
				INFOPLIST_FILE = test_iOS/Info.plist;
				LD_RUNPATH_SEARCH_PATHS = "$(inherited) @executable_path/Frameworks";
				PRODUCT_BUNDLE_IDENTIFIER = "com.yo.test-iOS";
				PRODUCT_NAME = "$(TARGET_NAME)";
				SWIFT_VERSION = 4.0;
				TARGETED_DEVICE_FAMILY = 1;
			};
			name = Debug;
		};
		18820A3F1FE984B100C01B20 /* Release */ = {
			isa = XCBuildConfiguration;
			baseConfigurationReference = 8139FD9D4F6A60FB27132D50 /* Pods-test_iOS.release.xcconfig */;
			buildSettings = {
				ASSETCATALOG_COMPILER_APPICON_NAME = AppIcon;
				CODE_SIGN_STYLE = Automatic;
				DEVELOPMENT_TEAM = KC2W64MW22;
				INFOPLIST_FILE = test_iOS/Info.plist;
				LD_RUNPATH_SEARCH_PATHS = "$(inherited) @executable_path/Frameworks";
				PRODUCT_BUNDLE_IDENTIFIER = "com.yo.test-iOS";
				PRODUCT_NAME = "$(TARGET_NAME)";
				SWIFT_VERSION = 4.0;
				TARGETED_DEVICE_FAMILY = 1;
			};
			name = Release;
		};
/* End XCBuildConfiguration section */

/* Begin XCConfigurationList section */
		18820A261FE984B100C01B20 /* Build configuration list for PBXProject "test_iOS" */ = {
			isa = XCConfigurationList;
			buildConfigurations = (
				18820A3B1FE984B100C01B20 /* Debug */,
				18820A3C1FE984B100C01B20 /* Release */,
			);
			defaultConfigurationIsVisible = 0;
			defaultConfigurationName = Release;
		};
		18820A3D1FE984B100C01B20 /* Build configuration list for PBXNativeTarget "test_iOS" */ = {
			isa = XCConfigurationList;
			buildConfigurations = (
				18820A3E1FE984B100C01B20 /* Debug */,
				18820A3F1FE984B100C01B20 /* Release */,
			);
			defaultConfigurationIsVisible = 0;
			defaultConfigurationName = Release;
		};
/* End XCConfigurationList section */
	};
	rootObject = 18820A231FE984B100C01B20 /* Project object */;
}
